
Microsoft Visual Studio Solution File, Format Version 12.00
# Visual Studio Version 16
VisualStudioVersion = 16.0.31105.61
MinimumVisualStudioVersion = 10.0.40219.1
Project("{FAE04EC0-301F-11D3-BF4B-00C04F79EFBC}") = "MaXXX.HelloWorld", "MaXXX.HelloWorld\MaXXX.HelloWorld.csproj", "{7D3D32F0-0E1D-4A70-B570-63F37B126BEF}"
EndProject
Global
	GlobalSection(SolutionConfigurationPlatforms) = preSolution
		Debug|Any CPU = Debug|Any CPU
		Release|Any CPU = Release|Any CPU
	EndGlobalSection
	GlobalSection(ProjectConfigurationPlatforms) = postSolution
		{7D3D32F0-0E1D-4A70-B570-63F37B126BEF}.Debug|Any CPU.ActiveCfg = Debug|Any CPU
		{7D3D32F0-0E1D-4A70-B570-63F37B126BEF}.Debug|Any CPU.Build.0 = Debug|Any CPU
		{7D3D32F0-0E1D-4A70-B570-63F37B126BEF}.Release|Any CPU.ActiveCfg = Release|Any CPU
		{7D3D32F0-0E1D-4A70-B570-63F37B126BEF}.Release|Any CPU.Build.0 = Release|Any CPU
	EndGlobalSection
	GlobalSection(SolutionProperties) = preSolution
		HideSolutionNode = FALSE
	EndGlobalSection
	GlobalSection(ExtensibilityGlobals) = postSolution
		SolutionGuid = {B97E39DB-EDA4-480A-AB69-D4D586CDC16F}
	EndGlobalSection
EndGlobal
